
Microsoft Visual Studio Solution File, Format Version 12.00
# Visual Studio Version 16
VisualStudioVersion = 16.0.30503.244
MinimumVisualStudioVersion = 10.0.40219.1
Project("{FAE04EC0-301F-11D3-BF4B-00C04F79EFBC}") = "Kalkulator", "Kalkulator\Kalkulator.csproj", "{0CC1F208-EC6A-4640-BC14-C039B957811B}"
EndProject
Global
	GlobalSection(SolutionConfigurationPlatforms) = preSolution
		Debug|Any CPU = Debug|Any CPU
		Release|Any CPU = Release|Any CPU
	EndGlobalSection
	GlobalSection(ProjectConfigurationPlatforms) = postSolution
		{0CC1F208-EC6A-4640-BC14-C039B957811B}.Debug|Any CPU.ActiveCfg = Debug|Any CPU
		{0CC1F208-EC6A-4640-BC14-C039B957811B}.Debug|Any CPU.Build.0 = Debug|Any CPU
		{0CC1F208-EC6A-4640-BC14-C039B957811B}.Release|Any CPU.ActiveCfg = Release|Any CPU
		{0CC1F208-EC6A-4640-BC14-C039B957811B}.Release|Any CPU.Build.0 = Release|Any CPU
	EndGlobalSection
	GlobalSection(SolutionProperties) = preSolution
		HideSolutionNode = FALSE
	EndGlobalSection
	GlobalSection(ExtensibilityGlobals) = postSolution
		SolutionGuid = {C0FE9D22-9604-47DE-851E-06CD1D56ABE1}
	EndGlobalSection
EndGlobal
